
Microsoft Visual Studio Solution File, Format Version 12.00
# Visual Studio Version 16
VisualStudioVersion = 16.0.31605.320
MinimumVisualStudioVersion = 10.0.40219.1
Project("{9A19103F-16F7-4668-BE54-9A1E7A4F7556}") = "entry-time-serveless.Common", "entry-time-serveless.Common\entry-time-serveless.Common.csproj", "{C6B69ECC-510E-440E-8719-A57F540AD532}"
EndProject
Project("{9A19103F-16F7-4668-BE54-9A1E7A4F7556}") = "entry-time-serveless.Functions", "entry-time-serveless.Functions\entry-time-serveless.Functions.csproj", "{9BBA0F2B-B30D-460F-A157-48B53CFB7FA3}"
EndProject
Project("{9A19103F-16F7-4668-BE54-9A1E7A4F7556}") = "entry-time-serveless.Test", "entry-time-serveless.Test\entry-time-serveless.Test.csproj", "{F50B6FA5-2E00-4F28-B14E-A6E05AB7B0E2}"
EndProject
Global
	GlobalSection(SolutionConfigurationPlatforms) = preSolution
		Debug|Any CPU = Debug|Any CPU
		Release|Any CPU = Release|Any CPU
	EndGlobalSection
	GlobalSection(ProjectConfigurationPlatforms) = postSolution
		{C6B69ECC-510E-440E-8719-A57F540AD532}.Debug|Any CPU.ActiveCfg = Debug|Any CPU
		{C6B69ECC-510E-440E-8719-A57F540AD532}.Debug|Any CPU.Build.0 = Debug|Any CPU
		{C6B69ECC-510E-440E-8719-A57F540AD532}.Release|Any CPU.ActiveCfg = Release|Any CPU
		{C6B69ECC-510E-440E-8719-A57F540AD532}.Release|Any CPU.Build.0 = Release|Any CPU
		{9BBA0F2B-B30D-460F-A157-48B53CFB7FA3}.Debug|Any CPU.ActiveCfg = Debug|Any CPU
		{9BBA0F2B-B30D-460F-A157-48B53CFB7FA3}.Debug|Any CPU.Build.0 = Debug|Any CPU
		{9BBA0F2B-B30D-460F-A157-48B53CFB7FA3}.Release|Any CPU.ActiveCfg = Release|Any CPU
		{9BBA0F2B-B30D-460F-A157-48B53CFB7FA3}.Release|Any CPU.Build.0 = Release|Any CPU
		{F50B6FA5-2E00-4F28-B14E-A6E05AB7B0E2}.Debug|Any CPU.ActiveCfg = Debug|Any CPU
		{F50B6FA5-2E00-4F28-B14E-A6E05AB7B0E2}.Debug|Any CPU.Build.0 = Debug|Any CPU
		{F50B6FA5-2E00-4F28-B14E-A6E05AB7B0E2}.Release|Any CPU.ActiveCfg = Release|Any CPU
		{F50B6FA5-2E00-4F28-B14E-A6E05AB7B0E2}.Release|Any CPU.Build.0 = Release|Any CPU
	EndGlobalSection
	GlobalSection(SolutionProperties) = preSolution
		HideSolutionNode = FALSE
	EndGlobalSection
	GlobalSection(ExtensibilityGlobals) = postSolution
		SolutionGuid = {E2E8121B-B0EA-448C-A583-B3A6F61FFA16}
	EndGlobalSection
EndGlobal
